
Microsoft Visual Studio Solution File, Format Version 12.00
# Visual Studio 15
VisualStudioVersion = 15.0.26228.4
MinimumVisualStudioVersion = 10.0.40219.1
Project("{FAE04EC0-301F-11D3-BF4B-00C04F79EFBC}") = "SimpleCommunication", "SimpleCommunicationApp\SimpleCommunication.csproj", "{E0388441-2C83-5BB8-A3E6-751B548E9C9A}"
EndProject
Project("{8BC9CEB8-8B4A-11D0-8D11-00A0C91BC942}") = "Microsoft.Samples.SimpleCommunication", "Microsoft.Samples.SimpleCommunication\Microsoft.Samples.SimpleCommunication.vcxproj", "{77862013-B90A-5ABD-A9B8-ACFF07CBFAC5}"
EndProject
Global
	GlobalSection(SolutionConfigurationPlatforms) = preSolution
		Debug|ARM = Debug|ARM
		Debug|x64 = Debug|x64
		Debug|x86 = Debug|x86
		Release|ARM = Release|ARM
		Release|x64 = Release|x64
		Release|x86 = Release|x86
	EndGlobalSection
	GlobalSection(ProjectConfigurationPlatforms) = postSolution
		{E0388441-2C83-5BB8-A3E6-751B548E9C9A}.Debug|ARM.ActiveCfg = Debug|ARM
		{E0388441-2C83-5BB8-A3E6-751B548E9C9A}.Debug|ARM.Build.0 = Debug|ARM
		{E0388441-2C83-5BB8-A3E6-751B548E9C9A}.Debug|ARM.Deploy.0 = Debug|ARM
		{E0388441-2C83-5BB8-A3E6-751B548E9C9A}.Debug|x64.ActiveCfg = Debug|x64
		{E0388441-2C83-5BB8-A3E6-751B548E9C9A}.Debug|x64.Build.0 = Debug|x64
		{E0388441-2C83-5BB8-A3E6-751B548E9C9A}.Debug|x64.Deploy.0 = Debug|x64
		{E0388441-2C83-5BB8-A3E6-751B548E9C9A}.Debug|x86.ActiveCfg = Debug|x86
		{E0388441-2C83-5BB8-A3E6-751B548E9C9A}.Debug|x86.Build.0 = Debug|x86
		{E0388441-2C83-5BB8-A3E6-751B548E9C9A}.Debug|x86.Deploy.0 = Debug|x86
		{E0388441-2C83-5BB8-A3E6-751B548E9C9A}.Release|ARM.ActiveCfg = Release|ARM
		{E0388441-2C83-5BB8-A3E6-751B548E9C9A}.Release|ARM.Build.0 = Release|ARM
		{E0388441-2C83-5BB8-A3E6-751B548E9C9A}.Release|ARM.Deploy.0 = Release|ARM
		{E0388441-2C83-5BB8-A3E6-751B548E9C9A}.Release|x64.ActiveCfg = Release|x64
		{E0388441-2C83-5BB8-A3E6-751B548E9C9A}.Release|x64.Build.0 = Release|x64
		{E0388441-2C83-5BB8-A3E6-751B548E9C9A}.Release|x64.Deploy.0 = Release|x64
		{E0388441-2C83-5BB8-A3E6-751B548E9C9A}.Release|x86.ActiveCfg = Release|x86
		{E0388441-2C83-5BB8-A3E6-751B548E9C9A}.Release|x86.Build.0 = Release|x86
		{E0388441-2C83-5BB8-A3E6-751B548E9C9A}.Release|x86.Deploy.0 = Release|x86
		{77862013-B90A-5ABD-A9B8-ACFF07CBFAC5}.Debug|ARM.ActiveCfg = Debug|ARM
		{77862013-B90A-5ABD-A9B8-ACFF07CBFAC5}.Debug|ARM.Build.0 = Debug|ARM
		{77862013-B90A-5ABD-A9B8-ACFF07CBFAC5}.Debug|x64.ActiveCfg = Debug|x64
		{77862013-B90A-5ABD-A9B8-ACFF07CBFAC5}.Debug|x64.Build.0 = Debug|x64
		{77862013-B90A-5ABD-A9B8-ACFF07CBFAC5}.Debug|x86.ActiveCfg = Debug|Win32
		{77862013-B90A-5ABD-A9B8-ACFF07CBFAC5}.Debug|x86.Build.0 = Debug|Win32
		{77862013-B90A-5ABD-A9B8-ACFF07CBFAC5}.Release|ARM.ActiveCfg = Release|ARM
		{77862013-B90A-5ABD-A9B8-ACFF07CBFAC5}.Release|ARM.Build.0 = Release|ARM
		{77862013-B90A-5ABD-A9B8-ACFF07CBFAC5}.Release|x64.ActiveCfg = Release|x64
		{77862013-B90A-5ABD-A9B8-ACFF07CBFAC5}.Release|x64.Build.0 = Release|x64
		{77862013-B90A-5ABD-A9B8-ACFF07CBFAC5}.Release|x86.ActiveCfg = Release|Win32
		{77862013-B90A-5ABD-A9B8-ACFF07CBFAC5}.Release|x86.Build.0 = Release|Win32
	EndGlobalSection
	GlobalSection(SolutionProperties) = preSolution
		HideSolutionNode = FALSE
	EndGlobalSection
	GlobalSection(ExtensibilityGlobals) = postSolution
		SolutionGuid = {D0058B98-E2F7-4FC5-8AE2-8AFC9FBBE299}
	EndGlobalSection
EndGlobal
